
Microsoft Visual Studio Solution File, Format Version 12.00
# Visual Studio Version 17
VisualStudioVersion = 17.12.35707.178 d17.12
MinimumVisualStudioVersion = 10.0.40219.1
Project("{FAE04EC0-301F-11D3-BF4B-00C04F79EFBC}") = "VirtualLibraryAPI", "VirtualLibraryAPI\VirtualLibraryAPI.csproj", "{91A03B3D-F5B8-4DC6-B47D-6E7E98B9F354}"
EndProject
Project("{2150E333-8FDC-42A3-9474-1A3956D46DE8}") = "01 - Infraestructure and Persistence", "01 - Infraestructure and Persistence", "{8F47802D-1FCB-4D17-B516-C03B12160528}"
EndProject
Global
	GlobalSection(SolutionConfigurationPlatforms) = preSolution
		Debug|Any CPU = Debug|Any CPU
		Release|Any CPU = Release|Any CPU
	EndGlobalSection
	GlobalSection(ProjectConfigurationPlatforms) = postSolution
		{91A03B3D-F5B8-4DC6-B47D-6E7E98B9F354}.Debug|Any CPU.ActiveCfg = Debug|Any CPU
		{91A03B3D-F5B8-4DC6-B47D-6E7E98B9F354}.Debug|Any CPU.Build.0 = Debug|Any CPU
		{91A03B3D-F5B8-4DC6-B47D-6E7E98B9F354}.Release|Any CPU.ActiveCfg = Release|Any CPU
		{91A03B3D-F5B8-4DC6-B47D-6E7E98B9F354}.Release|Any CPU.Build.0 = Release|Any CPU
	EndGlobalSection
	GlobalSection(SolutionProperties) = preSolution
		HideSolutionNode = FALSE
	EndGlobalSection
EndGlobal
